
Microsoft Visual Studio Solution File, Format Version 12.00
# Visual Studio 15
VisualStudioVersion = 15.0.26124.0
MinimumVisualStudioVersion = 15.0.26124.0
Project("{FAE04EC0-301F-11D3-BF4B-00C04F79EFBC}") = "Entity", "Entity\Entity.csproj", "{CCFA5928-CC60-4081-B245-8656A3E21533}"
EndProject
Project("{FAE04EC0-301F-11D3-BF4B-00C04F79EFBC}") = "Datos", "Datos\Datos.csproj", "{60E6F32D-6CE1-4CBB-A516-DE82C1912106}"
EndProject
Project("{FAE04EC0-301F-11D3-BF4B-00C04F79EFBC}") = "Logica", "Logica\Logica.csproj", "{65D72380-542D-43B3-9A7F-8CDD866C18F5}"
EndProject
Project("{FAE04EC0-301F-11D3-BF4B-00C04F79EFBC}") = "StockLabRegistrarse", "StockLabRegistrarse\StockLabRegistrarse.csproj", "{E261C83F-A038-44A6-89C4-1AD39E175C6C}"
EndProject
Global
	GlobalSection(SolutionConfigurationPlatforms) = preSolution
		Debug|Any CPU = Debug|Any CPU
		Debug|x64 = Debug|x64
		Debug|x86 = Debug|x86
		Release|Any CPU = Release|Any CPU
		Release|x64 = Release|x64
		Release|x86 = Release|x86
	EndGlobalSection
	GlobalSection(SolutionProperties) = preSolution
		HideSolutionNode = FALSE
	EndGlobalSection
	GlobalSection(ProjectConfigurationPlatforms) = postSolution
		{CCFA5928-CC60-4081-B245-8656A3E21533}.Debug|Any CPU.ActiveCfg = Debug|Any CPU
		{CCFA5928-CC60-4081-B245-8656A3E21533}.Debug|Any CPU.Build.0 = Debug|Any CPU
		{CCFA5928-CC60-4081-B245-8656A3E21533}.Debug|x64.ActiveCfg = Debug|Any CPU
		{CCFA5928-CC60-4081-B245-8656A3E21533}.Debug|x64.Build.0 = Debug|Any CPU
		{CCFA5928-CC60-4081-B245-8656A3E21533}.Debug|x86.ActiveCfg = Debug|Any CPU
		{CCFA5928-CC60-4081-B245-8656A3E21533}.Debug|x86.Build.0 = Debug|Any CPU
		{CCFA5928-CC60-4081-B245-8656A3E21533}.Release|Any CPU.ActiveCfg = Release|Any CPU
		{CCFA5928-CC60-4081-B245-8656A3E21533}.Release|Any CPU.Build.0 = Release|Any CPU
		{CCFA5928-CC60-4081-B245-8656A3E21533}.Release|x64.ActiveCfg = Release|Any CPU
		{CCFA5928-CC60-4081-B245-8656A3E21533}.Release|x64.Build.0 = Release|Any CPU
		{CCFA5928-CC60-4081-B245-8656A3E21533}.Release|x86.ActiveCfg = Release|Any CPU
		{CCFA5928-CC60-4081-B245-8656A3E21533}.Release|x86.Build.0 = Release|Any CPU
		{60E6F32D-6CE1-4CBB-A516-DE82C1912106}.Debug|Any CPU.ActiveCfg = Debug|Any CPU
		{60E6F32D-6CE1-4CBB-A516-DE82C1912106}.Debug|Any CPU.Build.0 = Debug|Any CPU
		{60E6F32D-6CE1-4CBB-A516-DE82C1912106}.Debug|x64.ActiveCfg = Debug|Any CPU
		{60E6F32D-6CE1-4CBB-A516-DE82C1912106}.Debug|x64.Build.0 = Debug|Any CPU
		{60E6F32D-6CE1-4CBB-A516-DE82C1912106}.Debug|x86.ActiveCfg = Debug|Any CPU
		{60E6F32D-6CE1-4CBB-A516-DE82C1912106}.Debug|x86.Build.0 = Debug|Any CPU
		{60E6F32D-6CE1-4CBB-A516-DE82C1912106}.Release|Any CPU.ActiveCfg = Release|Any CPU
		{60E6F32D-6CE1-4CBB-A516-DE82C1912106}.Release|Any CPU.Build.0 = Release|Any CPU
		{60E6F32D-6CE1-4CBB-A516-DE82C1912106}.Release|x64.ActiveCfg = Release|Any CPU
		{60E6F32D-6CE1-4CBB-A516-DE82C1912106}.Release|x64.Build.0 = Release|Any CPU
		{60E6F32D-6CE1-4CBB-A516-DE82C1912106}.Release|x86.ActiveCfg = Release|Any CPU
		{60E6F32D-6CE1-4CBB-A516-DE82C1912106}.Release|x86.Build.0 = Release|Any CPU
		{65D72380-542D-43B3-9A7F-8CDD866C18F5}.Debug|Any CPU.ActiveCfg = Debug|Any CPU
		{65D72380-542D-43B3-9A7F-8CDD866C18F5}.Debug|Any CPU.Build.0 = Debug|Any CPU
		{65D72380-542D-43B3-9A7F-8CDD866C18F5}.Debug|x64.ActiveCfg = Debug|Any CPU
		{65D72380-542D-43B3-9A7F-8CDD866C18F5}.Debug|x64.Build.0 = Debug|Any CPU
		{65D72380-542D-43B3-9A7F-8CDD866C18F5}.Debug|x86.ActiveCfg = Debug|Any CPU
		{65D72380-542D-43B3-9A7F-8CDD866C18F5}.Debug|x86.Build.0 = Debug|Any CPU
		{65D72380-542D-43B3-9A7F-8CDD866C18F5}.Release|Any CPU.ActiveCfg = Release|Any CPU
		{65D72380-542D-43B3-9A7F-8CDD866C18F5}.Release|Any CPU.Build.0 = Release|Any CPU
		{65D72380-542D-43B3-9A7F-8CDD866C18F5}.Release|x64.ActiveCfg = Release|Any CPU
		{65D72380-542D-43B3-9A7F-8CDD866C18F5}.Release|x64.Build.0 = Release|Any CPU
		{65D72380-542D-43B3-9A7F-8CDD866C18F5}.Release|x86.ActiveCfg = Release|Any CPU
		{65D72380-542D-43B3-9A7F-8CDD866C18F5}.Release|x86.Build.0 = Release|Any CPU
		{E261C83F-A038-44A6-89C4-1AD39E175C6C}.Debug|Any CPU.ActiveCfg = Debug|Any CPU
		{E261C83F-A038-44A6-89C4-1AD39E175C6C}.Debug|Any CPU.Build.0 = Debug|Any CPU
		{E261C83F-A038-44A6-89C4-1AD39E175C6C}.Debug|x64.ActiveCfg = Debug|Any CPU
		{E261C83F-A038-44A6-89C4-1AD39E175C6C}.Debug|x64.Build.0 = Debug|Any CPU
		{E261C83F-A038-44A6-89C4-1AD39E175C6C}.Debug|x86.ActiveCfg = Debug|Any CPU
		{E261C83F-A038-44A6-89C4-1AD39E175C6C}.Debug|x86.Build.0 = Debug|Any CPU
		{E261C83F-A038-44A6-89C4-1AD39E175C6C}.Release|Any CPU.ActiveCfg = Release|Any CPU
		{E261C83F-A038-44A6-89C4-1AD39E175C6C}.Release|Any CPU.Build.0 = Release|Any CPU
		{E261C83F-A038-44A6-89C4-1AD39E175C6C}.Release|x64.ActiveCfg = Release|Any CPU
		{E261C83F-A038-44A6-89C4-1AD39E175C6C}.Release|x64.Build.0 = Release|Any CPU
		{E261C83F-A038-44A6-89C4-1AD39E175C6C}.Release|x86.ActiveCfg = Release|Any CPU
		{E261C83F-A038-44A6-89C4-1AD39E175C6C}.Release|x86.Build.0 = Release|Any CPU
	EndGlobalSection
EndGlobal
